
Microsoft Visual Studio Solution File, Format Version 12.00
# Visual Studio 14
VisualStudioVersion = 14.0.25420.1
MinimumVisualStudioVersion = 10.0.40219.1
Project("{FAE04EC0-301F-11D3-BF4B-00C04F79EFBC}") = "documentosMVC", "documentosMVC\documentosMVC.csproj", "{8382A3F7-BF6C-4461-9111-D4C63554044B}"
EndProject
Project("{FAE04EC0-301F-11D3-BF4B-00C04F79EFBC}") = "DocumentServices", "DocumentServices\DocumentServices.csproj", "{EC414D87-CB2F-40CA-B5A0-FDC62931AABC}"
EndProject
Project("{FAE04EC0-301F-11D3-BF4B-00C04F79EFBC}") = "DocumentDAO", "DocumentDAO\DocumentDAO.csproj", "{69BAC658-EE38-488A-B1E7-893238B7203E}"
EndProject
Project("{FAE04EC0-301F-11D3-BF4B-00C04F79EFBC}") = "DTO", "DTO\DTO.csproj", "{248CF4B3-3AEF-41AF-A2F4-829A6223A4A3}"
EndProject
Global
	GlobalSection(SolutionConfigurationPlatforms) = preSolution
		Debug|Any CPU = Debug|Any CPU
		Release|Any CPU = Release|Any CPU
	EndGlobalSection
	GlobalSection(ProjectConfigurationPlatforms) = postSolution
		{8382A3F7-BF6C-4461-9111-D4C63554044B}.Debug|Any CPU.ActiveCfg = Debug|Any CPU
		{8382A3F7-BF6C-4461-9111-D4C63554044B}.Debug|Any CPU.Build.0 = Debug|Any CPU
		{8382A3F7-BF6C-4461-9111-D4C63554044B}.Release|Any CPU.ActiveCfg = Release|Any CPU
		{8382A3F7-BF6C-4461-9111-D4C63554044B}.Release|Any CPU.Build.0 = Release|Any CPU
		{EC414D87-CB2F-40CA-B5A0-FDC62931AABC}.Debug|Any CPU.ActiveCfg = Debug|Any CPU
		{EC414D87-CB2F-40CA-B5A0-FDC62931AABC}.Debug|Any CPU.Build.0 = Debug|Any CPU
		{EC414D87-CB2F-40CA-B5A0-FDC62931AABC}.Release|Any CPU.ActiveCfg = Release|Any CPU
		{EC414D87-CB2F-40CA-B5A0-FDC62931AABC}.Release|Any CPU.Build.0 = Release|Any CPU
		{69BAC658-EE38-488A-B1E7-893238B7203E}.Debug|Any CPU.ActiveCfg = Debug|Any CPU
		{69BAC658-EE38-488A-B1E7-893238B7203E}.Debug|Any CPU.Build.0 = Debug|Any CPU
		{69BAC658-EE38-488A-B1E7-893238B7203E}.Release|Any CPU.ActiveCfg = Release|Any CPU
		{69BAC658-EE38-488A-B1E7-893238B7203E}.Release|Any CPU.Build.0 = Release|Any CPU
		{248CF4B3-3AEF-41AF-A2F4-829A6223A4A3}.Debug|Any CPU.ActiveCfg = Debug|Any CPU
		{248CF4B3-3AEF-41AF-A2F4-829A6223A4A3}.Debug|Any CPU.Build.0 = Debug|Any CPU
		{248CF4B3-3AEF-41AF-A2F4-829A6223A4A3}.Release|Any CPU.ActiveCfg = Release|Any CPU
		{248CF4B3-3AEF-41AF-A2F4-829A6223A4A3}.Release|Any CPU.Build.0 = Release|Any CPU
	EndGlobalSection
	GlobalSection(SolutionProperties) = preSolution
		HideSolutionNode = FALSE
	EndGlobalSection
EndGlobal
